
Microsoft Visual Studio Solution File, Format Version 12.00
# Visual Studio 15
VisualStudioVersion = 15.0.26730.10
MinimumVisualStudioVersion = 10.0.40219.1

Project("{6EC3EE1D-3C4E-46DD-8F32-0CC8E7565705}") = "FlowerBoys", "FlowerBoys\FlowerBoys.fsproj", "{EF75A095-9DA4-4C09-9D64-050620F2ABF5}"
EndProject

Project("{F2A71F9B-5D33-465A-A702-920D77279786}") = "FlowerBoys.Android", "FlowerBoys.Android\FlowerBoys.Android.fsproj", "{D85BB8A1-82CE-4AEE-BBDE-73B7FEBBD064}"
EndProject


Project("{F2A71F9B-5D33-465A-A702-920D77279786}") = "FlowerBoys.iOS", "FlowerBoys.iOS\FlowerBoys.iOS.fsproj", "{9A0C7427-5A72-4D16-ACB8-B8CE7200483E}"
EndProject
Project("{F2A71F9B-5D33-465A-A702-920D77279786}") = "FlowerBoys.Pi", "FlowerBoys.Pi\FlowerBoys.Pi.fsproj", "{3285876B-9869-4502-BED0-248BD8DCB104}"
EndProject




Global
	GlobalSection(SolutionConfigurationPlatforms) = preSolution
		Ad-Hoc|Any CPU = Ad-Hoc|Any CPU
		Ad-Hoc|ARM = Ad-Hoc|ARM
		Ad-Hoc|iPhone = Ad-Hoc|iPhone
		Ad-Hoc|iPhoneSimulator = Ad-Hoc|iPhoneSimulator
		Ad-Hoc|x64 = Ad-Hoc|x64
		Ad-Hoc|x86 = Ad-Hoc|x86
		AppStore|Any CPU = AppStore|Any CPU
		AppStore|ARM = AppStore|ARM
		AppStore|iPhone = AppStore|iPhone
		AppStore|iPhoneSimulator = AppStore|iPhoneSimulator
		AppStore|x64 = AppStore|x64
		AppStore|x86 = AppStore|x86
		Debug|Any CPU = Debug|Any CPU
		Debug|ARM = Debug|ARM
		Debug|iPhone = Debug|iPhone
		Debug|iPhoneSimulator = Debug|iPhoneSimulator
		Debug|x64 = Debug|x64
		Debug|x86 = Debug|x86
		Release|Any CPU = Release|Any CPU
		Release|ARM = Release|ARM
		Release|iPhone = Release|iPhone
		Release|iPhoneSimulator = Release|iPhoneSimulator
		Release|x64 = Release|x64
		Release|x86 = Release|x86
	EndGlobalSection
	GlobalSection(ProjectConfigurationPlatforms) = postSolution
		{EF75A095-9DA4-4C09-9D64-050620F2ABF5}.Ad-Hoc|Any CPU.ActiveCfg = Debug|Any CPU
		{EF75A095-9DA4-4C09-9D64-050620F2ABF5}.Ad-Hoc|Any CPU.Build.0 = Debug|Any CPU
		{EF75A095-9DA4-4C09-9D64-050620F2ABF5}.Ad-Hoc|ARM.ActiveCfg = Debug|Any CPU
		{EF75A095-9DA4-4C09-9D64-050620F2ABF5}.Ad-Hoc|ARM.Build.0 = Debug|Any CPU
		{EF75A095-9DA4-4C09-9D64-050620F2ABF5}.Ad-Hoc|iPhone.ActiveCfg = Debug|Any CPU
		{EF75A095-9DA4-4C09-9D64-050620F2ABF5}.Ad-Hoc|iPhone.Build.0 = Debug|Any CPU
		{EF75A095-9DA4-4C09-9D64-050620F2ABF5}.Ad-Hoc|iPhoneSimulator.ActiveCfg = Debug|Any CPU
		{EF75A095-9DA4-4C09-9D64-050620F2ABF5}.Ad-Hoc|iPhoneSimulator.Build.0 = Debug|Any CPU
		{EF75A095-9DA4-4C09-9D64-050620F2ABF5}.Ad-Hoc|x64.ActiveCfg = Debug|Any CPU
		{EF75A095-9DA4-4C09-9D64-050620F2ABF5}.Ad-Hoc|x64.Build.0 = Debug|Any CPU
		{EF75A095-9DA4-4C09-9D64-050620F2ABF5}.Ad-Hoc|x86.ActiveCfg = Debug|Any CPU
		{EF75A095-9DA4-4C09-9D64-050620F2ABF5}.Ad-Hoc|x86.Build.0 = Debug|Any CPU
		{EF75A095-9DA4-4C09-9D64-050620F2ABF5}.AppStore|Any CPU.ActiveCfg = Debug|Any CPU
		{EF75A095-9DA4-4C09-9D64-050620F2ABF5}.AppStore|Any CPU.Build.0 = Debug|Any CPU
		{EF75A095-9DA4-4C09-9D64-050620F2ABF5}.AppStore|ARM.ActiveCfg = Debug|Any CPU
		{EF75A095-9DA4-4C09-9D64-050620F2ABF5}.AppStore|ARM.Build.0 = Debug|Any CPU
		{EF75A095-9DA4-4C09-9D64-050620F2ABF5}.AppStore|iPhone.ActiveCfg = Debug|Any CPU
		{EF75A095-9DA4-4C09-9D64-050620F2ABF5}.AppStore|iPhone.Build.0 = Debug|Any CPU
		{EF75A095-9DA4-4C09-9D64-050620F2ABF5}.AppStore|iPhoneSimulator.ActiveCfg = Debug|Any CPU
		{EF75A095-9DA4-4C09-9D64-050620F2ABF5}.AppStore|iPhoneSimulator.Build.0 = Debug|Any CPU
		{EF75A095-9DA4-4C09-9D64-050620F2ABF5}.AppStore|x64.ActiveCfg = Debug|Any CPU
		{EF75A095-9DA4-4C09-9D64-050620F2ABF5}.AppStore|x64.Build.0 = Debug|Any CPU
		{EF75A095-9DA4-4C09-9D64-050620F2ABF5}.AppStore|x86.ActiveCfg = Debug|Any CPU
		{EF75A095-9DA4-4C09-9D64-050620F2ABF5}.AppStore|x86.Build.0 = Debug|Any CPU
		{EF75A095-9DA4-4C09-9D64-050620F2ABF5}.Debug|Any CPU.ActiveCfg = Debug|Any CPU
		{EF75A095-9DA4-4C09-9D64-050620F2ABF5}.Debug|Any CPU.Build.0 = Debug|Any CPU
		{EF75A095-9DA4-4C09-9D64-050620F2ABF5}.Debug|ARM.ActiveCfg = Debug|Any CPU
		{EF75A095-9DA4-4C09-9D64-050620F2ABF5}.Debug|ARM.Build.0 = Debug|Any CPU
		{EF75A095-9DA4-4C09-9D64-050620F2ABF5}.Debug|iPhone.ActiveCfg = Debug|Any CPU
		{EF75A095-9DA4-4C09-9D64-050620F2ABF5}.Debug|iPhone.Build.0 = Debug|Any CPU
		{EF75A095-9DA4-4C09-9D64-050620F2ABF5}.Debug|iPhoneSimulator.ActiveCfg = Debug|Any CPU
		{EF75A095-9DA4-4C09-9D64-050620F2ABF5}.Debug|iPhoneSimulator.Build.0 = Debug|Any CPU
		{EF75A095-9DA4-4C09-9D64-050620F2ABF5}.Debug|x64.ActiveCfg = Debug|Any CPU
		{EF75A095-9DA4-4C09-9D64-050620F2ABF5}.Debug|x64.Build.0 = Debug|Any CPU
		{EF75A095-9DA4-4C09-9D64-050620F2ABF5}.Debug|x86.ActiveCfg = Debug|Any CPU
		{EF75A095-9DA4-4C09-9D64-050620F2ABF5}.Debug|x86.Build.0 = Debug|Any CPU
		{EF75A095-9DA4-4C09-9D64-050620F2ABF5}.Release|Any CPU.ActiveCfg = Release|Any CPU
		{EF75A095-9DA4-4C09-9D64-050620F2ABF5}.Release|Any CPU.Build.0 = Release|Any CPU
		{EF75A095-9DA4-4C09-9D64-050620F2ABF5}.Release|ARM.ActiveCfg = Release|Any CPU
		{EF75A095-9DA4-4C09-9D64-050620F2ABF5}.Release|ARM.Build.0 = Release|Any CPU
		{EF75A095-9DA4-4C09-9D64-050620F2ABF5}.Release|iPhone.ActiveCfg = Release|Any CPU
		{EF75A095-9DA4-4C09-9D64-050620F2ABF5}.Release|iPhone.Build.0 = Release|Any CPU
		{EF75A095-9DA4-4C09-9D64-050620F2ABF5}.Release|iPhoneSimulator.ActiveCfg = Release|Any CPU
		{EF75A095-9DA4-4C09-9D64-050620F2ABF5}.Release|iPhoneSimulator.Build.0 = Release|Any CPU
		{EF75A095-9DA4-4C09-9D64-050620F2ABF5}.Release|x64.ActiveCfg = Release|Any CPU
		{EF75A095-9DA4-4C09-9D64-050620F2ABF5}.Release|x64.Build.0 = Release|Any CPU
		{EF75A095-9DA4-4C09-9D64-050620F2ABF5}.Release|x86.ActiveCfg = Release|Any CPU
		{EF75A095-9DA4-4C09-9D64-050620F2ABF5}.Release|x86.Build.0 = Release|Any CPU
		{9A0C7427-5A72-4D16-ACB8-B8CE7200483E}.Ad-Hoc|Any CPU.ActiveCfg = Ad-Hoc|iPhone
		{9A0C7427-5A72-4D16-ACB8-B8CE7200483E}.Ad-Hoc|ARM.ActiveCfg = Ad-Hoc|iPhone
		{9A0C7427-5A72-4D16-ACB8-B8CE7200483E}.Ad-Hoc|iPhone.ActiveCfg = Ad-Hoc|iPhone
		{9A0C7427-5A72-4D16-ACB8-B8CE7200483E}.Ad-Hoc|iPhone.Build.0 = Ad-Hoc|iPhone
		{9A0C7427-5A72-4D16-ACB8-B8CE7200483E}.Ad-Hoc|iPhoneSimulator.ActiveCfg = Ad-Hoc|iPhoneSimulator
		{9A0C7427-5A72-4D16-ACB8-B8CE7200483E}.Ad-Hoc|iPhoneSimulator.Build.0 = Ad-Hoc|iPhoneSimulator
		{9A0C7427-5A72-4D16-ACB8-B8CE7200483E}.Ad-Hoc|x64.ActiveCfg = Ad-Hoc|iPhone
		{9A0C7427-5A72-4D16-ACB8-B8CE7200483E}.Ad-Hoc|x86.ActiveCfg = Ad-Hoc|iPhone
		{9A0C7427-5A72-4D16-ACB8-B8CE7200483E}.AppStore|Any CPU.ActiveCfg = AppStore|iPhone
		{9A0C7427-5A72-4D16-ACB8-B8CE7200483E}.AppStore|ARM.ActiveCfg = AppStore|iPhone
		{9A0C7427-5A72-4D16-ACB8-B8CE7200483E}.AppStore|iPhone.ActiveCfg = AppStore|iPhone
		{9A0C7427-5A72-4D16-ACB8-B8CE7200483E}.AppStore|iPhone.Build.0 = AppStore|iPhone
		{9A0C7427-5A72-4D16-ACB8-B8CE7200483E}.AppStore|iPhoneSimulator.ActiveCfg = AppStore|iPhoneSimulator
		{9A0C7427-5A72-4D16-ACB8-B8CE7200483E}.AppStore|iPhoneSimulator.Build.0 = AppStore|iPhoneSimulator
		{9A0C7427-5A72-4D16-ACB8-B8CE7200483E}.AppStore|x64.ActiveCfg = AppStore|iPhone
		{9A0C7427-5A72-4D16-ACB8-B8CE7200483E}.AppStore|x86.ActiveCfg = AppStore|iPhone
		{9A0C7427-5A72-4D16-ACB8-B8CE7200483E}.Debug|Any CPU.ActiveCfg = Debug|iPhone
		{9A0C7427-5A72-4D16-ACB8-B8CE7200483E}.Debug|ARM.ActiveCfg = Debug|iPhone
		{9A0C7427-5A72-4D16-ACB8-B8CE7200483E}.Debug|iPhone.ActiveCfg = Debug|iPhone
		{9A0C7427-5A72-4D16-ACB8-B8CE7200483E}.Debug|iPhone.Build.0 = Debug|iPhone
		{9A0C7427-5A72-4D16-ACB8-B8CE7200483E}.Debug|iPhoneSimulator.ActiveCfg = Debug|iPhoneSimulator
		{9A0C7427-5A72-4D16-ACB8-B8CE7200483E}.Debug|iPhoneSimulator.Build.0 = Debug|iPhoneSimulator
		{9A0C7427-5A72-4D16-ACB8-B8CE7200483E}.Debug|x64.ActiveCfg = Debug|iPhone
		{9A0C7427-5A72-4D16-ACB8-B8CE7200483E}.Debug|x86.ActiveCfg = Debug|iPhone
		{9A0C7427-5A72-4D16-ACB8-B8CE7200483E}.Release|Any CPU.ActiveCfg = Release|iPhone
		{9A0C7427-5A72-4D16-ACB8-B8CE7200483E}.Release|ARM.ActiveCfg = Release|iPhone
		{9A0C7427-5A72-4D16-ACB8-B8CE7200483E}.Release|iPhone.ActiveCfg = Release|iPhone
		{9A0C7427-5A72-4D16-ACB8-B8CE7200483E}.Release|iPhone.Build.0 = Release|iPhone
		{9A0C7427-5A72-4D16-ACB8-B8CE7200483E}.Release|iPhoneSimulator.ActiveCfg = Release|iPhoneSimulator
		{9A0C7427-5A72-4D16-ACB8-B8CE7200483E}.Release|iPhoneSimulator.Build.0 = Release|iPhoneSimulator
		{9A0C7427-5A72-4D16-ACB8-B8CE7200483E}.Release|x64.ActiveCfg = Release|iPhone
		{9A0C7427-5A72-4D16-ACB8-B8CE7200483E}.Release|x86.ActiveCfg = Release|iPhone
		{FBB3D3B8-C616-4150-A817-CD6CC1758C16}.Ad-Hoc|Any CPU.ActiveCfg = Release|x86
		{FBB3D3B8-C616-4150-A817-CD6CC1758C16}.Ad-Hoc|Any CPU.Build.0 = Release|x86
		{FBB3D3B8-C616-4150-A817-CD6CC1758C16}.Ad-Hoc|Any CPU.Deploy.0 = Release|x86
		{FBB3D3B8-C616-4150-A817-CD6CC1758C16}.Ad-Hoc|ARM.ActiveCfg = Release|ARM
		{FBB3D3B8-C616-4150-A817-CD6CC1758C16}.Ad-Hoc|ARM.Build.0 = Release|ARM
		{FBB3D3B8-C616-4150-A817-CD6CC1758C16}.Ad-Hoc|ARM.Deploy.0 = Release|ARM
		{FBB3D3B8-C616-4150-A817-CD6CC1758C16}.Ad-Hoc|iPhone.ActiveCfg = Release|x86
		{FBB3D3B8-C616-4150-A817-CD6CC1758C16}.Ad-Hoc|iPhone.Build.0 = Release|x86
		{FBB3D3B8-C616-4150-A817-CD6CC1758C16}.Ad-Hoc|iPhone.Deploy.0 = Release|x86
		{FBB3D3B8-C616-4150-A817-CD6CC1758C16}.Ad-Hoc|iPhoneSimulator.ActiveCfg = Release|x86
		{FBB3D3B8-C616-4150-A817-CD6CC1758C16}.Ad-Hoc|iPhoneSimulator.Build.0 = Release|x86
		{FBB3D3B8-C616-4150-A817-CD6CC1758C16}.Ad-Hoc|iPhoneSimulator.Deploy.0 = Release|x86
		{FBB3D3B8-C616-4150-A817-CD6CC1758C16}.Ad-Hoc|x64.ActiveCfg = Release|x64
		{FBB3D3B8-C616-4150-A817-CD6CC1758C16}.Ad-Hoc|x64.Build.0 = Release|x64
		{FBB3D3B8-C616-4150-A817-CD6CC1758C16}.Ad-Hoc|x64.Deploy.0 = Release|x64
		{FBB3D3B8-C616-4150-A817-CD6CC1758C16}.Ad-Hoc|x86.ActiveCfg = Release|x86
		{FBB3D3B8-C616-4150-A817-CD6CC1758C16}.Ad-Hoc|x86.Build.0 = Release|x86
		{FBB3D3B8-C616-4150-A817-CD6CC1758C16}.Ad-Hoc|x86.Deploy.0 = Release|x86
		{FBB3D3B8-C616-4150-A817-CD6CC1758C16}.AppStore|Any CPU.ActiveCfg = Release|x86
		{FBB3D3B8-C616-4150-A817-CD6CC1758C16}.AppStore|Any CPU.Build.0 = Release|x86
		{FBB3D3B8-C616-4150-A817-CD6CC1758C16}.AppStore|Any CPU.Deploy.0 = Release|x86
		{FBB3D3B8-C616-4150-A817-CD6CC1758C16}.AppStore|ARM.ActiveCfg = Release|ARM
		{FBB3D3B8-C616-4150-A817-CD6CC1758C16}.AppStore|ARM.Build.0 = Release|ARM
		{FBB3D3B8-C616-4150-A817-CD6CC1758C16}.AppStore|ARM.Deploy.0 = Release|ARM
		{FBB3D3B8-C616-4150-A817-CD6CC1758C16}.AppStore|iPhone.ActiveCfg = Release|x86
		{FBB3D3B8-C616-4150-A817-CD6CC1758C16}.AppStore|iPhone.Build.0 = Release|x86
		{FBB3D3B8-C616-4150-A817-CD6CC1758C16}.AppStore|iPhone.Deploy.0 = Release|x86
		{FBB3D3B8-C616-4150-A817-CD6CC1758C16}.AppStore|iPhoneSimulator.ActiveCfg = Release|x86
		{FBB3D3B8-C616-4150-A817-CD6CC1758C16}.AppStore|iPhoneSimulator.Build.0 = Release|x86
		{FBB3D3B8-C616-4150-A817-CD6CC1758C16}.AppStore|iPhoneSimulator.Deploy.0 = Release|x86
		{FBB3D3B8-C616-4150-A817-CD6CC1758C16}.AppStore|x64.ActiveCfg = Release|x64
		{FBB3D3B8-C616-4150-A817-CD6CC1758C16}.AppStore|x64.Build.0 = Release|x64
		{FBB3D3B8-C616-4150-A817-CD6CC1758C16}.AppStore|x64.Deploy.0 = Release|x64
		{FBB3D3B8-C616-4150-A817-CD6CC1758C16}.AppStore|x86.ActiveCfg = Release|x86
		{FBB3D3B8-C616-4150-A817-CD6CC1758C16}.AppStore|x86.Build.0 = Release|x86
		{FBB3D3B8-C616-4150-A817-CD6CC1758C16}.AppStore|x86.Deploy.0 = Release|x86
		{FBB3D3B8-C616-4150-A817-CD6CC1758C16}.Debug|Any CPU.ActiveCfg = Debug|x86
		{FBB3D3B8-C616-4150-A817-CD6CC1758C16}.Debug|ARM.ActiveCfg = Debug|ARM
		{FBB3D3B8-C616-4150-A817-CD6CC1758C16}.Debug|ARM.Build.0 = Debug|ARM
		{FBB3D3B8-C616-4150-A817-CD6CC1758C16}.Debug|ARM.Deploy.0 = Debug|ARM
		{FBB3D3B8-C616-4150-A817-CD6CC1758C16}.Debug|iPhone.ActiveCfg = Debug|x86
		{FBB3D3B8-C616-4150-A817-CD6CC1758C16}.Debug|iPhoneSimulator.ActiveCfg = Debug|x86
		{FBB3D3B8-C616-4150-A817-CD6CC1758C16}.Debug|x64.ActiveCfg = Debug|x64
		{FBB3D3B8-C616-4150-A817-CD6CC1758C16}.Debug|x64.Build.0 = Debug|x64
		{FBB3D3B8-C616-4150-A817-CD6CC1758C16}.Debug|x64.Deploy.0 = Debug|x64
		{FBB3D3B8-C616-4150-A817-CD6CC1758C16}.Debug|x86.ActiveCfg = Debug|x86
		{FBB3D3B8-C616-4150-A817-CD6CC1758C16}.Debug|x86.Build.0 = Debug|x86
		{FBB3D3B8-C616-4150-A817-CD6CC1758C16}.Debug|x86.Deploy.0 = Debug|x86
		{FBB3D3B8-C616-4150-A817-CD6CC1758C16}.Release|Any CPU.ActiveCfg = Release|x86
		{FBB3D3B8-C616-4150-A817-CD6CC1758C16}.Release|ARM.ActiveCfg = Release|ARM
		{FBB3D3B8-C616-4150-A817-CD6CC1758C16}.Release|ARM.Build.0 = Release|ARM
		{FBB3D3B8-C616-4150-A817-CD6CC1758C16}.Release|ARM.Deploy.0 = Release|ARM
		{FBB3D3B8-C616-4150-A817-CD6CC1758C16}.Release|iPhone.ActiveCfg = Release|x86
		{FBB3D3B8-C616-4150-A817-CD6CC1758C16}.Release|iPhoneSimulator.ActiveCfg = Release|x86
		{FBB3D3B8-C616-4150-A817-CD6CC1758C16}.Release|x64.ActiveCfg = Release|x64
		{FBB3D3B8-C616-4150-A817-CD6CC1758C16}.Release|x64.Build.0 = Release|x64
		{FBB3D3B8-C616-4150-A817-CD6CC1758C16}.Release|x64.Deploy.0 = Release|x64
		{FBB3D3B8-C616-4150-A817-CD6CC1758C16}.Release|x86.ActiveCfg = Release|x86
		{FBB3D3B8-C616-4150-A817-CD6CC1758C16}.Release|x86.Build.0 = Release|x86
		{FBB3D3B8-C616-4150-A817-CD6CC1758C16}.Release|x86.Deploy.0 = Release|x86
		{7A939BBD-6BBC-4B58-837D-7CE42C8BC650}.Ad-Hoc|Any CPU.ActiveCfg = Release|Any CPU
		{7A939BBD-6BBC-4B58-837D-7CE42C8BC650}.Ad-Hoc|Any CPU.Build.0 = Release|Any CPU
		{7A939BBD-6BBC-4B58-837D-7CE42C8BC650}.Ad-Hoc|ARM.ActiveCfg = Release|Any CPU
		{7A939BBD-6BBC-4B58-837D-7CE42C8BC650}.Ad-Hoc|ARM.Build.0 = Release|Any CPU
		{7A939BBD-6BBC-4B58-837D-7CE42C8BC650}.Ad-Hoc|iPhone.ActiveCfg = Release|Any CPU
		{7A939BBD-6BBC-4B58-837D-7CE42C8BC650}.Ad-Hoc|iPhone.Build.0 = Release|Any CPU
		{7A939BBD-6BBC-4B58-837D-7CE42C8BC650}.Ad-Hoc|iPhoneSimulator.ActiveCfg = Release|Any CPU
		{7A939BBD-6BBC-4B58-837D-7CE42C8BC650}.Ad-Hoc|iPhoneSimulator.Build.0 = Release|Any CPU
		{7A939BBD-6BBC-4B58-837D-7CE42C8BC650}.Ad-Hoc|x64.ActiveCfg = Release|Any CPU
		{7A939BBD-6BBC-4B58-837D-7CE42C8BC650}.Ad-Hoc|x64.Build.0 = Release|Any CPU
		{7A939BBD-6BBC-4B58-837D-7CE42C8BC650}.Ad-Hoc|x86.ActiveCfg = Release|Any CPU
		{7A939BBD-6BBC-4B58-837D-7CE42C8BC650}.Ad-Hoc|x86.Build.0 = Release|Any CPU
		{7A939BBD-6BBC-4B58-837D-7CE42C8BC650}.AppStore|Any CPU.ActiveCfg = Release|Any CPU
		{7A939BBD-6BBC-4B58-837D-7CE42C8BC650}.AppStore|Any CPU.Build.0 = Release|Any CPU
		{7A939BBD-6BBC-4B58-837D-7CE42C8BC650}.AppStore|ARM.ActiveCfg = Release|Any CPU
		{7A939BBD-6BBC-4B58-837D-7CE42C8BC650}.AppStore|ARM.Build.0 = Release|Any CPU
		{7A939BBD-6BBC-4B58-837D-7CE42C8BC650}.AppStore|iPhone.ActiveCfg = Release|Any CPU
		{7A939BBD-6BBC-4B58-837D-7CE42C8BC650}.AppStore|iPhone.Build.0 = Release|Any CPU
		{7A939BBD-6BBC-4B58-837D-7CE42C8BC650}.AppStore|iPhoneSimulator.ActiveCfg = Release|Any CPU
		{7A939BBD-6BBC-4B58-837D-7CE42C8BC650}.AppStore|iPhoneSimulator.Build.0 = Release|Any CPU
		{7A939BBD-6BBC-4B58-837D-7CE42C8BC650}.AppStore|x64.ActiveCfg = Release|Any CPU
		{7A939BBD-6BBC-4B58-837D-7CE42C8BC650}.AppStore|x64.Build.0 = Release|Any CPU
		{7A939BBD-6BBC-4B58-837D-7CE42C8BC650}.AppStore|x86.ActiveCfg = Release|Any CPU
		{7A939BBD-6BBC-4B58-837D-7CE42C8BC650}.AppStore|x86.Build.0 = Release|Any CPU
		{7A939BBD-6BBC-4B58-837D-7CE42C8BC650}.Debug|Any CPU.ActiveCfg = Debug|Any CPU
		{7A939BBD-6BBC-4B58-837D-7CE42C8BC650}.Debug|Any CPU.Build.0 = Debug|Any CPU
		{7A939BBD-6BBC-4B58-837D-7CE42C8BC650}.Debug|ARM.ActiveCfg = Debug|Any CPU
		{7A939BBD-6BBC-4B58-837D-7CE42C8BC650}.Debug|ARM.Build.0 = Debug|Any CPU
		{7A939BBD-6BBC-4B58-837D-7CE42C8BC650}.Debug|iPhone.ActiveCfg = Debug|Any CPU
		{7A939BBD-6BBC-4B58-837D-7CE42C8BC650}.Debug|iPhone.Build.0 = Debug|Any CPU
		{7A939BBD-6BBC-4B58-837D-7CE42C8BC650}.Debug|iPhoneSimulator.ActiveCfg = Debug|Any CPU
		{7A939BBD-6BBC-4B58-837D-7CE42C8BC650}.Debug|iPhoneSimulator.Build.0 = Debug|Any CPU
		{7A939BBD-6BBC-4B58-837D-7CE42C8BC650}.Debug|x64.ActiveCfg = Debug|Any CPU
		{7A939BBD-6BBC-4B58-837D-7CE42C8BC650}.Debug|x64.Build.0 = Debug|Any CPU
		{7A939BBD-6BBC-4B58-837D-7CE42C8BC650}.Debug|x86.ActiveCfg = Debug|Any CPU
		{7A939BBD-6BBC-4B58-837D-7CE42C8BC650}.Debug|x86.Build.0 = Debug|Any CPU
		{7A939BBD-6BBC-4B58-837D-7CE42C8BC650}.Release|Any CPU.ActiveCfg = Release|Any CPU
		{7A939BBD-6BBC-4B58-837D-7CE42C8BC650}.Release|Any CPU.Build.0 = Release|Any CPU
		{7A939BBD-6BBC-4B58-837D-7CE42C8BC650}.Release|ARM.ActiveCfg = Release|Any CPU
		{7A939BBD-6BBC-4B58-837D-7CE42C8BC650}.Release|ARM.Build.0 = Release|Any CPU
		{7A939BBD-6BBC-4B58-837D-7CE42C8BC650}.Release|iPhone.ActiveCfg = Release|Any CPU
		{7A939BBD-6BBC-4B58-837D-7CE42C8BC650}.Release|iPhone.Build.0 = Release|Any CPU
		{7A939BBD-6BBC-4B58-837D-7CE42C8BC650}.Release|iPhoneSimulator.ActiveCfg = Release|Any CPU
		{7A939BBD-6BBC-4B58-837D-7CE42C8BC650}.Release|iPhoneSimulator.Build.0 = Release|Any CPU
		{7A939BBD-6BBC-4B58-837D-7CE42C8BC650}.Release|x64.ActiveCfg = Release|Any CPU
		{7A939BBD-6BBC-4B58-837D-7CE42C8BC650}.Release|x64.Build.0 = Release|Any CPU
		{7A939BBD-6BBC-4B58-837D-7CE42C8BC650}.Release|x86.ActiveCfg = Release|Any CPU
		{7A939BBD-6BBC-4B58-837D-7CE42C8BC650}.Release|x86.Build.0 = Release|Any CPU
		{37CE707B-D208-4A07-94FC-9C8608FF525D}.Ad-Hoc|Any CPU.ActiveCfg = Release|Any CPU
		{37CE707B-D208-4A07-94FC-9C8608FF525D}.Ad-Hoc|Any CPU.Build.0 = Release|Any CPU
		{37CE707B-D208-4A07-94FC-9C8608FF525D}.Ad-Hoc|ARM.ActiveCfg = Release|Any CPU
		{37CE707B-D208-4A07-94FC-9C8608FF525D}.Ad-Hoc|ARM.Build.0 = Release|Any CPU
		{37CE707B-D208-4A07-94FC-9C8608FF525D}.Ad-Hoc|iPhone.ActiveCfg = Release|Any CPU
		{37CE707B-D208-4A07-94FC-9C8608FF525D}.Ad-Hoc|iPhone.Build.0 = Release|Any CPU
		{37CE707B-D208-4A07-94FC-9C8608FF525D}.Ad-Hoc|iPhoneSimulator.ActiveCfg = Release|Any CPU
		{37CE707B-D208-4A07-94FC-9C8608FF525D}.Ad-Hoc|iPhoneSimulator.Build.0 = Release|Any CPU
		{37CE707B-D208-4A07-94FC-9C8608FF525D}.Ad-Hoc|x64.ActiveCfg = Release|Any CPU
		{37CE707B-D208-4A07-94FC-9C8608FF525D}.Ad-Hoc|x64.Build.0 = Release|Any CPU
		{37CE707B-D208-4A07-94FC-9C8608FF525D}.Ad-Hoc|x86.ActiveCfg = Release|Any CPU
		{37CE707B-D208-4A07-94FC-9C8608FF525D}.Ad-Hoc|x86.Build.0 = Release|Any CPU
		{37CE707B-D208-4A07-94FC-9C8608FF525D}.AppStore|Any CPU.ActiveCfg = Release|Any CPU
		{37CE707B-D208-4A07-94FC-9C8608FF525D}.AppStore|Any CPU.Build.0 = Release|Any CPU
		{37CE707B-D208-4A07-94FC-9C8608FF525D}.AppStore|ARM.ActiveCfg = Release|Any CPU
		{37CE707B-D208-4A07-94FC-9C8608FF525D}.AppStore|ARM.Build.0 = Release|Any CPU
		{37CE707B-D208-4A07-94FC-9C8608FF525D}.AppStore|iPhone.ActiveCfg = Release|Any CPU
		{37CE707B-D208-4A07-94FC-9C8608FF525D}.AppStore|iPhone.Build.0 = Release|Any CPU
		{37CE707B-D208-4A07-94FC-9C8608FF525D}.AppStore|iPhoneSimulator.ActiveCfg = Release|Any CPU
		{37CE707B-D208-4A07-94FC-9C8608FF525D}.AppStore|iPhoneSimulator.Build.0 = Release|Any CPU
		{37CE707B-D208-4A07-94FC-9C8608FF525D}.AppStore|x64.ActiveCfg = Release|Any CPU
		{37CE707B-D208-4A07-94FC-9C8608FF525D}.AppStore|x64.Build.0 = Release|Any CPU
		{37CE707B-D208-4A07-94FC-9C8608FF525D}.AppStore|x86.ActiveCfg = Release|Any CPU
		{37CE707B-D208-4A07-94FC-9C8608FF525D}.AppStore|x86.Build.0 = Release|Any CPU
		{37CE707B-D208-4A07-94FC-9C8608FF525D}.Debug|Any CPU.ActiveCfg = Debug|Any CPU
		{37CE707B-D208-4A07-94FC-9C8608FF525D}.Debug|Any CPU.Build.0 = Debug|Any CPU
		{37CE707B-D208-4A07-94FC-9C8608FF525D}.Debug|ARM.ActiveCfg = Debug|Any CPU
		{37CE707B-D208-4A07-94FC-9C8608FF525D}.Debug|ARM.Build.0 = Debug|Any CPU
		{37CE707B-D208-4A07-94FC-9C8608FF525D}.Debug|iPhone.ActiveCfg = Debug|Any CPU
		{37CE707B-D208-4A07-94FC-9C8608FF525D}.Debug|iPhone.Build.0 = Debug|Any CPU
		{37CE707B-D208-4A07-94FC-9C8608FF525D}.Debug|iPhoneSimulator.ActiveCfg = Debug|Any CPU
		{37CE707B-D208-4A07-94FC-9C8608FF525D}.Debug|iPhoneSimulator.Build.0 = Debug|Any CPU
		{37CE707B-D208-4A07-94FC-9C8608FF525D}.Debug|x64.ActiveCfg = Debug|Any CPU
		{37CE707B-D208-4A07-94FC-9C8608FF525D}.Debug|x64.Build.0 = Debug|Any CPU
		{37CE707B-D208-4A07-94FC-9C8608FF525D}.Debug|x86.ActiveCfg = Debug|Any CPU
		{37CE707B-D208-4A07-94FC-9C8608FF525D}.Debug|x86.Build.0 = Debug|Any CPU
		{37CE707B-D208-4A07-94FC-9C8608FF525D}.Release|Any CPU.ActiveCfg = Release|Any CPU
		{37CE707B-D208-4A07-94FC-9C8608FF525D}.Release|Any CPU.Build.0 = Release|Any CPU
		{37CE707B-D208-4A07-94FC-9C8608FF525D}.Release|ARM.ActiveCfg = Release|Any CPU
		{37CE707B-D208-4A07-94FC-9C8608FF525D}.Release|ARM.Build.0 = Release|Any CPU
		{37CE707B-D208-4A07-94FC-9C8608FF525D}.Release|iPhone.ActiveCfg = Release|Any CPU
		{37CE707B-D208-4A07-94FC-9C8608FF525D}.Release|iPhone.Build.0 = Release|Any CPU
		{37CE707B-D208-4A07-94FC-9C8608FF525D}.Release|iPhoneSimulator.ActiveCfg = Release|Any CPU
		{37CE707B-D208-4A07-94FC-9C8608FF525D}.Release|iPhoneSimulator.Build.0 = Release|Any CPU
		{37CE707B-D208-4A07-94FC-9C8608FF525D}.Release|x64.ActiveCfg = Release|Any CPU
		{37CE707B-D208-4A07-94FC-9C8608FF525D}.Release|x64.Build.0 = Release|Any CPU
		{37CE707B-D208-4A07-94FC-9C8608FF525D}.Release|x86.ActiveCfg = Release|Any CPU
		{37CE707B-D208-4A07-94FC-9C8608FF525D}.Release|x86.Build.0 = Release|Any CPU
		{D85BB8A1-82CE-4AEE-BBDE-73B7FEBBD064}.Ad-Hoc|Any CPU.ActiveCfg = Release|Any CPU
		{D85BB8A1-82CE-4AEE-BBDE-73B7FEBBD064}.Ad-Hoc|Any CPU.Build.0 = Release|Any CPU
		{D85BB8A1-82CE-4AEE-BBDE-73B7FEBBD064}.Ad-Hoc|ARM.ActiveCfg = Release|Any CPU
		{D85BB8A1-82CE-4AEE-BBDE-73B7FEBBD064}.Ad-Hoc|ARM.Build.0 = Release|Any CPU
		{D85BB8A1-82CE-4AEE-BBDE-73B7FEBBD064}.Ad-Hoc|iPhone.ActiveCfg = Release|Any CPU
		{D85BB8A1-82CE-4AEE-BBDE-73B7FEBBD064}.Ad-Hoc|iPhone.Build.0 = Release|Any CPU
		{D85BB8A1-82CE-4AEE-BBDE-73B7FEBBD064}.Ad-Hoc|iPhoneSimulator.ActiveCfg = Release|Any CPU
		{D85BB8A1-82CE-4AEE-BBDE-73B7FEBBD064}.Ad-Hoc|iPhoneSimulator.Build.0 = Release|Any CPU
		{D85BB8A1-82CE-4AEE-BBDE-73B7FEBBD064}.Ad-Hoc|x64.ActiveCfg = Release|Any CPU
		{D85BB8A1-82CE-4AEE-BBDE-73B7FEBBD064}.Ad-Hoc|x64.Build.0 = Release|Any CPU
		{D85BB8A1-82CE-4AEE-BBDE-73B7FEBBD064}.Ad-Hoc|x86.ActiveCfg = Release|Any CPU
		{D85BB8A1-82CE-4AEE-BBDE-73B7FEBBD064}.Ad-Hoc|x86.Build.0 = Release|Any CPU
		{D85BB8A1-82CE-4AEE-BBDE-73B7FEBBD064}.AppStore|Any CPU.ActiveCfg = Release|Any CPU
		{D85BB8A1-82CE-4AEE-BBDE-73B7FEBBD064}.AppStore|Any CPU.Build.0 = Release|Any CPU
		{D85BB8A1-82CE-4AEE-BBDE-73B7FEBBD064}.AppStore|ARM.ActiveCfg = Release|Any CPU
		{D85BB8A1-82CE-4AEE-BBDE-73B7FEBBD064}.AppStore|ARM.Build.0 = Release|Any CPU
		{D85BB8A1-82CE-4AEE-BBDE-73B7FEBBD064}.AppStore|iPhone.ActiveCfg = Release|Any CPU
		{D85BB8A1-82CE-4AEE-BBDE-73B7FEBBD064}.AppStore|iPhone.Build.0 = Release|Any CPU
		{D85BB8A1-82CE-4AEE-BBDE-73B7FEBBD064}.AppStore|iPhoneSimulator.ActiveCfg = Release|Any CPU
		{D85BB8A1-82CE-4AEE-BBDE-73B7FEBBD064}.AppStore|iPhoneSimulator.Build.0 = Release|Any CPU
		{D85BB8A1-82CE-4AEE-BBDE-73B7FEBBD064}.AppStore|x64.ActiveCfg = Release|Any CPU
		{D85BB8A1-82CE-4AEE-BBDE-73B7FEBBD064}.AppStore|x64.Build.0 = Release|Any CPU
		{D85BB8A1-82CE-4AEE-BBDE-73B7FEBBD064}.AppStore|x86.ActiveCfg = Release|Any CPU
		{D85BB8A1-82CE-4AEE-BBDE-73B7FEBBD064}.AppStore|x86.Build.0 = Release|Any CPU
		{D85BB8A1-82CE-4AEE-BBDE-73B7FEBBD064}.Debug|Any CPU.ActiveCfg = Debug|Any CPU
		{D85BB8A1-82CE-4AEE-BBDE-73B7FEBBD064}.Debug|Any CPU.Build.0 = Debug|Any CPU
		{D85BB8A1-82CE-4AEE-BBDE-73B7FEBBD064}.Debug|Any CPU.Deploy.0 = Debug|Any CPU
		{D85BB8A1-82CE-4AEE-BBDE-73B7FEBBD064}.Debug|ARM.ActiveCfg = Debug|Any CPU
		{D85BB8A1-82CE-4AEE-BBDE-73B7FEBBD064}.Debug|ARM.Build.0 = Debug|Any CPU
		{D85BB8A1-82CE-4AEE-BBDE-73B7FEBBD064}.Debug|iPhone.ActiveCfg = Debug|Any CPU
		{D85BB8A1-82CE-4AEE-BBDE-73B7FEBBD064}.Debug|iPhone.Build.0 = Debug|Any CPU
		{D85BB8A1-82CE-4AEE-BBDE-73B7FEBBD064}.Debug|iPhoneSimulator.ActiveCfg = Debug|Any CPU
		{D85BB8A1-82CE-4AEE-BBDE-73B7FEBBD064}.Debug|iPhoneSimulator.Build.0 = Debug|Any CPU
		{D85BB8A1-82CE-4AEE-BBDE-73B7FEBBD064}.Debug|x64.ActiveCfg = Debug|Any CPU
		{D85BB8A1-82CE-4AEE-BBDE-73B7FEBBD064}.Debug|x64.Build.0 = Debug|Any CPU
		{D85BB8A1-82CE-4AEE-BBDE-73B7FEBBD064}.Debug|x86.ActiveCfg = Debug|Any CPU
		{D85BB8A1-82CE-4AEE-BBDE-73B7FEBBD064}.Debug|x86.Build.0 = Debug|Any CPU
		{D85BB8A1-82CE-4AEE-BBDE-73B7FEBBD064}.Release|Any CPU.ActiveCfg = Release|Any CPU
		{D85BB8A1-82CE-4AEE-BBDE-73B7FEBBD064}.Release|Any CPU.Build.0 = Release|Any CPU
		{D85BB8A1-82CE-4AEE-BBDE-73B7FEBBD064}.Release|Any CPU.Deploy.0 = Release|Any CPU
		{D85BB8A1-82CE-4AEE-BBDE-73B7FEBBD064}.Release|ARM.ActiveCfg = Release|Any CPU
		{D85BB8A1-82CE-4AEE-BBDE-73B7FEBBD064}.Release|ARM.Build.0 = Release|Any CPU
		{D85BB8A1-82CE-4AEE-BBDE-73B7FEBBD064}.Release|iPhone.ActiveCfg = Release|Any CPU
		{D85BB8A1-82CE-4AEE-BBDE-73B7FEBBD064}.Release|iPhone.Build.0 = Release|Any CPU
		{D85BB8A1-82CE-4AEE-BBDE-73B7FEBBD064}.Release|iPhoneSimulator.ActiveCfg = Release|Any CPU
		{D85BB8A1-82CE-4AEE-BBDE-73B7FEBBD064}.Release|iPhoneSimulator.Build.0 = Release|Any CPU
		{D85BB8A1-82CE-4AEE-BBDE-73B7FEBBD064}.Release|x64.ActiveCfg = Release|Any CPU
		{D85BB8A1-82CE-4AEE-BBDE-73B7FEBBD064}.Release|x64.Build.0 = Release|Any CPU
		{D85BB8A1-82CE-4AEE-BBDE-73B7FEBBD064}.Release|x86.ActiveCfg = Release|Any CPU
		{D85BB8A1-82CE-4AEE-BBDE-73B7FEBBD064}.Release|x86.Build.0 = Release|Any CPU
		{DFE472A7-CE8A-4374-9AE7-E7B3864782FA}.Ad-Hoc|Any CPU.ActiveCfg = Release|Any CPU
		{DFE472A7-CE8A-4374-9AE7-E7B3864782FA}.Ad-Hoc|Any CPU.Build.0 = Release|Any CPU
		{DFE472A7-CE8A-4374-9AE7-E7B3864782FA}.Ad-Hoc|ARM.ActiveCfg = Release|Any CPU
		{DFE472A7-CE8A-4374-9AE7-E7B3864782FA}.Ad-Hoc|ARM.Build.0 = Release|Any CPU
		{DFE472A7-CE8A-4374-9AE7-E7B3864782FA}.Ad-Hoc|iPhone.ActiveCfg = Release|Any CPU
		{DFE472A7-CE8A-4374-9AE7-E7B3864782FA}.Ad-Hoc|iPhone.Build.0 = Release|Any CPU
		{DFE472A7-CE8A-4374-9AE7-E7B3864782FA}.Ad-Hoc|iPhoneSimulator.ActiveCfg = Release|Any CPU
		{DFE472A7-CE8A-4374-9AE7-E7B3864782FA}.Ad-Hoc|iPhoneSimulator.Build.0 = Release|Any CPU
		{DFE472A7-CE8A-4374-9AE7-E7B3864782FA}.Ad-Hoc|x64.ActiveCfg = Release|Any CPU
		{DFE472A7-CE8A-4374-9AE7-E7B3864782FA}.Ad-Hoc|x64.Build.0 = Release|Any CPU
		{DFE472A7-CE8A-4374-9AE7-E7B3864782FA}.Ad-Hoc|x86.ActiveCfg = Release|Any CPU
		{DFE472A7-CE8A-4374-9AE7-E7B3864782FA}.Ad-Hoc|x86.Build.0 = Release|Any CPU
		{DFE472A7-CE8A-4374-9AE7-E7B3864782FA}.AppStore|Any CPU.ActiveCfg = Release|Any CPU
		{DFE472A7-CE8A-4374-9AE7-E7B3864782FA}.AppStore|Any CPU.Build.0 = Release|Any CPU
		{DFE472A7-CE8A-4374-9AE7-E7B3864782FA}.AppStore|ARM.ActiveCfg = Release|Any CPU
		{DFE472A7-CE8A-4374-9AE7-E7B3864782FA}.AppStore|ARM.Build.0 = Release|Any CPU
		{DFE472A7-CE8A-4374-9AE7-E7B3864782FA}.AppStore|iPhone.ActiveCfg = Release|Any CPU
		{DFE472A7-CE8A-4374-9AE7-E7B3864782FA}.AppStore|iPhone.Build.0 = Release|Any CPU
		{DFE472A7-CE8A-4374-9AE7-E7B3864782FA}.AppStore|iPhoneSimulator.ActiveCfg = Release|Any CPU
		{DFE472A7-CE8A-4374-9AE7-E7B3864782FA}.AppStore|iPhoneSimulator.Build.0 = Release|Any CPU
		{DFE472A7-CE8A-4374-9AE7-E7B3864782FA}.AppStore|x64.ActiveCfg = Release|Any CPU
		{DFE472A7-CE8A-4374-9AE7-E7B3864782FA}.AppStore|x64.Build.0 = Release|Any CPU
		{DFE472A7-CE8A-4374-9AE7-E7B3864782FA}.AppStore|x86.ActiveCfg = Release|Any CPU
		{DFE472A7-CE8A-4374-9AE7-E7B3864782FA}.AppStore|x86.Build.0 = Release|Any CPU
		{DFE472A7-CE8A-4374-9AE7-E7B3864782FA}.Debug|Any CPU.ActiveCfg = Debug|Any CPU
		{DFE472A7-CE8A-4374-9AE7-E7B3864782FA}.Debug|Any CPU.Build.0 = Debug|Any CPU
		{DFE472A7-CE8A-4374-9AE7-E7B3864782FA}.Debug|ARM.ActiveCfg = Debug|Any CPU
		{DFE472A7-CE8A-4374-9AE7-E7B3864782FA}.Debug|ARM.Build.0 = Debug|Any CPU
		{DFE472A7-CE8A-4374-9AE7-E7B3864782FA}.Debug|iPhone.ActiveCfg = Debug|Any CPU
		{DFE472A7-CE8A-4374-9AE7-E7B3864782FA}.Debug|iPhone.Build.0 = Debug|Any CPU
		{DFE472A7-CE8A-4374-9AE7-E7B3864782FA}.Debug|iPhoneSimulator.ActiveCfg = Debug|Any CPU
		{DFE472A7-CE8A-4374-9AE7-E7B3864782FA}.Debug|iPhoneSimulator.Build.0 = Debug|Any CPU
		{DFE472A7-CE8A-4374-9AE7-E7B3864782FA}.Debug|x64.ActiveCfg = Debug|Any CPU
		{DFE472A7-CE8A-4374-9AE7-E7B3864782FA}.Debug|x64.Build.0 = Debug|Any CPU
		{DFE472A7-CE8A-4374-9AE7-E7B3864782FA}.Debug|x86.ActiveCfg = Debug|Any CPU
		{DFE472A7-CE8A-4374-9AE7-E7B3864782FA}.Debug|x86.Build.0 = Debug|Any CPU
		{DFE472A7-CE8A-4374-9AE7-E7B3864782FA}.Release|Any CPU.ActiveCfg = Release|Any CPU
		{DFE472A7-CE8A-4374-9AE7-E7B3864782FA}.Release|Any CPU.Build.0 = Release|Any CPU
		{DFE472A7-CE8A-4374-9AE7-E7B3864782FA}.Release|ARM.ActiveCfg = Release|Any CPU
		{DFE472A7-CE8A-4374-9AE7-E7B3864782FA}.Release|ARM.Build.0 = Release|Any CPU
		{DFE472A7-CE8A-4374-9AE7-E7B3864782FA}.Release|iPhone.ActiveCfg = Release|Any CPU
		{DFE472A7-CE8A-4374-9AE7-E7B3864782FA}.Release|iPhone.Build.0 = Release|Any CPU
		{DFE472A7-CE8A-4374-9AE7-E7B3864782FA}.Release|iPhoneSimulator.ActiveCfg = Release|Any CPU
		{DFE472A7-CE8A-4374-9AE7-E7B3864782FA}.Release|iPhoneSimulator.Build.0 = Release|Any CPU
		{DFE472A7-CE8A-4374-9AE7-E7B3864782FA}.Release|x64.ActiveCfg = Release|Any CPU
		{DFE472A7-CE8A-4374-9AE7-E7B3864782FA}.Release|x64.Build.0 = Release|Any CPU
		{DFE472A7-CE8A-4374-9AE7-E7B3864782FA}.Release|x86.ActiveCfg = Release|Any CPU
		{DFE472A7-CE8A-4374-9AE7-E7B3864782FA}.Release|x86.Build.0 = Release|Any CPU
		{A707CAA5-534B-4271-8095-957FB0A3EA6D}.Ad-Hoc|Any CPU.ActiveCfg = Release|x64
		{A707CAA5-534B-4271-8095-957FB0A3EA6D}.Ad-Hoc|Any CPU.Build.0 = Release|x64
		{A707CAA5-534B-4271-8095-957FB0A3EA6D}.Ad-Hoc|Any CPU.Deploy.0 = Release|x64
		{A707CAA5-534B-4271-8095-957FB0A3EA6D}.Ad-Hoc|ARM.ActiveCfg = Release|ARM
		{A707CAA5-534B-4271-8095-957FB0A3EA6D}.Ad-Hoc|ARM.Build.0 = Release|ARM
		{A707CAA5-534B-4271-8095-957FB0A3EA6D}.Ad-Hoc|ARM.Deploy.0 = Release|ARM
		{A707CAA5-534B-4271-8095-957FB0A3EA6D}.Ad-Hoc|ARM64.ActiveCfg = Release|ARM64
		{A707CAA5-534B-4271-8095-957FB0A3EA6D}.Ad-Hoc|ARM64.Build.0 = Release|ARM64
		{A707CAA5-534B-4271-8095-957FB0A3EA6D}.Ad-Hoc|ARM64.Deploy.0 = Release|ARM64
		{A707CAA5-534B-4271-8095-957FB0A3EA6D}.Ad-Hoc|iPhone.ActiveCfg = Release|x64
		{A707CAA5-534B-4271-8095-957FB0A3EA6D}.Ad-Hoc|iPhone.Build.0 = Release|x64
		{A707CAA5-534B-4271-8095-957FB0A3EA6D}.Ad-Hoc|iPhone.Deploy.0 = Release|x64
		{A707CAA5-534B-4271-8095-957FB0A3EA6D}.Ad-Hoc|iPhoneSimulator.ActiveCfg = Release|x64
		{A707CAA5-534B-4271-8095-957FB0A3EA6D}.Ad-Hoc|iPhoneSimulator.Build.0 = Release|x64
		{A707CAA5-534B-4271-8095-957FB0A3EA6D}.Ad-Hoc|iPhoneSimulator.Deploy.0 = Release|x64
		{A707CAA5-534B-4271-8095-957FB0A3EA6D}.Ad-Hoc|x64.ActiveCfg = Release|x64
		{A707CAA5-534B-4271-8095-957FB0A3EA6D}.Ad-Hoc|x64.Build.0 = Release|x64
		{A707CAA5-534B-4271-8095-957FB0A3EA6D}.Ad-Hoc|x64.Deploy.0 = Release|x64
		{A707CAA5-534B-4271-8095-957FB0A3EA6D}.Ad-Hoc|x86.ActiveCfg = Release|x86
		{A707CAA5-534B-4271-8095-957FB0A3EA6D}.Ad-Hoc|x86.Build.0 = Release|x86
		{A707CAA5-534B-4271-8095-957FB0A3EA6D}.Ad-Hoc|x86.Deploy.0 = Release|x86
		{A707CAA5-534B-4271-8095-957FB0A3EA6D}.AppStore|Any CPU.ActiveCfg = Release|x64
		{A707CAA5-534B-4271-8095-957FB0A3EA6D}.AppStore|Any CPU.Build.0 = Release|x64
		{A707CAA5-534B-4271-8095-957FB0A3EA6D}.AppStore|Any CPU.Deploy.0 = Release|x64
		{A707CAA5-534B-4271-8095-957FB0A3EA6D}.AppStore|ARM.ActiveCfg = Release|ARM
		{A707CAA5-534B-4271-8095-957FB0A3EA6D}.AppStore|ARM.Build.0 = Release|ARM
		{A707CAA5-534B-4271-8095-957FB0A3EA6D}.AppStore|ARM.Deploy.0 = Release|ARM
		{A707CAA5-534B-4271-8095-957FB0A3EA6D}.AppStore|ARM64.ActiveCfg = Release|ARM64
		{A707CAA5-534B-4271-8095-957FB0A3EA6D}.AppStore|ARM64.Build.0 = Release|ARM64
		{A707CAA5-534B-4271-8095-957FB0A3EA6D}.AppStore|ARM64.Deploy.0 = Release|ARM64
		{A707CAA5-534B-4271-8095-957FB0A3EA6D}.AppStore|iPhone.ActiveCfg = Release|x64
		{A707CAA5-534B-4271-8095-957FB0A3EA6D}.AppStore|iPhone.Build.0 = Release|x64
		{A707CAA5-534B-4271-8095-957FB0A3EA6D}.AppStore|iPhone.Deploy.0 = Release|x64
		{A707CAA5-534B-4271-8095-957FB0A3EA6D}.AppStore|iPhoneSimulator.ActiveCfg = Release|x64
		{A707CAA5-534B-4271-8095-957FB0A3EA6D}.AppStore|iPhoneSimulator.Build.0 = Release|x64
		{A707CAA5-534B-4271-8095-957FB0A3EA6D}.AppStore|iPhoneSimulator.Deploy.0 = Release|x64
		{A707CAA5-534B-4271-8095-957FB0A3EA6D}.AppStore|x64.ActiveCfg = Release|x64
		{A707CAA5-534B-4271-8095-957FB0A3EA6D}.AppStore|x64.Build.0 = Release|x64
		{A707CAA5-534B-4271-8095-957FB0A3EA6D}.AppStore|x64.Deploy.0 = Release|x64
		{A707CAA5-534B-4271-8095-957FB0A3EA6D}.AppStore|x86.ActiveCfg = Release|x86
		{A707CAA5-534B-4271-8095-957FB0A3EA6D}.AppStore|x86.Build.0 = Release|x86
		{A707CAA5-534B-4271-8095-957FB0A3EA6D}.AppStore|x86.Deploy.0 = Release|x86
		{A707CAA5-534B-4271-8095-957FB0A3EA6D}.Debug|Any CPU.ActiveCfg = Debug|x86
		{A707CAA5-534B-4271-8095-957FB0A3EA6D}.Debug|ARM.ActiveCfg = Debug|ARM
		{A707CAA5-534B-4271-8095-957FB0A3EA6D}.Debug|ARM.Build.0 = Debug|ARM
		{A707CAA5-534B-4271-8095-957FB0A3EA6D}.Debug|ARM.Deploy.0 = Debug|ARM
		{A707CAA5-534B-4271-8095-957FB0A3EA6D}.Debug|ARM64.ActiveCfg = Debug|ARM64
		{A707CAA5-534B-4271-8095-957FB0A3EA6D}.Debug|ARM64.Build.0 = Debug|ARM64
		{A707CAA5-534B-4271-8095-957FB0A3EA6D}.Debug|ARM64.Deploy.0 = Debug|ARM64
		{A707CAA5-534B-4271-8095-957FB0A3EA6D}.Debug|iPhone.ActiveCfg = Debug|x86
		{A707CAA5-534B-4271-8095-957FB0A3EA6D}.Debug|iPhoneSimulator.ActiveCfg = Debug|x86
		{A707CAA5-534B-4271-8095-957FB0A3EA6D}.Debug|x64.ActiveCfg = Debug|x64
		{A707CAA5-534B-4271-8095-957FB0A3EA6D}.Debug|x64.Build.0 = Debug|x64
		{A707CAA5-534B-4271-8095-957FB0A3EA6D}.Debug|x64.Deploy.0 = Debug|x64
		{A707CAA5-534B-4271-8095-957FB0A3EA6D}.Debug|x86.ActiveCfg = Debug|x86
		{A707CAA5-534B-4271-8095-957FB0A3EA6D}.Debug|x86.Build.0 = Debug|x86
		{A707CAA5-534B-4271-8095-957FB0A3EA6D}.Debug|x86.Deploy.0 = Debug|x86
		{A707CAA5-534B-4271-8095-957FB0A3EA6D}.Release|Any CPU.ActiveCfg = Release|x86
		{A707CAA5-534B-4271-8095-957FB0A3EA6D}.Release|ARM.ActiveCfg = Release|ARM
		{A707CAA5-534B-4271-8095-957FB0A3EA6D}.Release|ARM.Build.0 = Release|ARM
		{A707CAA5-534B-4271-8095-957FB0A3EA6D}.Release|ARM.Deploy.0 = Release|ARM
		{A707CAA5-534B-4271-8095-957FB0A3EA6D}.Release|ARM64.ActiveCfg = Release|ARM64
		{A707CAA5-534B-4271-8095-957FB0A3EA6D}.Release|ARM64.Build.0 = Release|ARM64
		{A707CAA5-534B-4271-8095-957FB0A3EA6D}.Release|ARM64.Deploy.0 = Release|ARM64
		{A707CAA5-534B-4271-8095-957FB0A3EA6D}.Release|iPhone.ActiveCfg = Release|x86
		{A707CAA5-534B-4271-8095-957FB0A3EA6D}.Release|iPhoneSimulator.ActiveCfg = Release|x86
		{A707CAA5-534B-4271-8095-957FB0A3EA6D}.Release|x64.ActiveCfg = Release|x64
		{A707CAA5-534B-4271-8095-957FB0A3EA6D}.Release|x64.Build.0 = Release|x64
		{A707CAA5-534B-4271-8095-957FB0A3EA6D}.Release|x64.Deploy.0 = Release|x64
		{A707CAA5-534B-4271-8095-957FB0A3EA6D}.Release|x86.ActiveCfg = Release|x86
		{A707CAA5-534B-4271-8095-957FB0A3EA6D}.Release|x86.Build.0 = Release|x86
		{A707CAA5-534B-4271-8095-957FB0A3EA6D}.Release|x86.Deploy.0 = Release|x86
		{3285876B-9869-4502-BED0-248BD8DCB104}.Ad-Hoc|Any CPU.ActiveCfg = Debug|Any CPU
		{3285876B-9869-4502-BED0-248BD8DCB104}.Ad-Hoc|Any CPU.Build.0 = Debug|Any CPU
		{3285876B-9869-4502-BED0-248BD8DCB104}.Ad-Hoc|ARM.ActiveCfg = Debug|Any CPU
		{3285876B-9869-4502-BED0-248BD8DCB104}.Ad-Hoc|ARM.Build.0 = Debug|Any CPU
		{3285876B-9869-4502-BED0-248BD8DCB104}.Ad-Hoc|iPhone.ActiveCfg = Debug|Any CPU
		{3285876B-9869-4502-BED0-248BD8DCB104}.Ad-Hoc|iPhone.Build.0 = Debug|Any CPU
		{3285876B-9869-4502-BED0-248BD8DCB104}.Ad-Hoc|iPhoneSimulator.ActiveCfg = Debug|Any CPU
		{3285876B-9869-4502-BED0-248BD8DCB104}.Ad-Hoc|iPhoneSimulator.Build.0 = Debug|Any CPU
		{3285876B-9869-4502-BED0-248BD8DCB104}.Ad-Hoc|x64.ActiveCfg = Debug|Any CPU
		{3285876B-9869-4502-BED0-248BD8DCB104}.Ad-Hoc|x64.Build.0 = Debug|Any CPU
		{3285876B-9869-4502-BED0-248BD8DCB104}.Ad-Hoc|x86.ActiveCfg = Debug|Any CPU
		{3285876B-9869-4502-BED0-248BD8DCB104}.Ad-Hoc|x86.Build.0 = Debug|Any CPU
		{3285876B-9869-4502-BED0-248BD8DCB104}.AppStore|Any CPU.ActiveCfg = Debug|Any CPU
		{3285876B-9869-4502-BED0-248BD8DCB104}.AppStore|Any CPU.Build.0 = Debug|Any CPU
		{3285876B-9869-4502-BED0-248BD8DCB104}.AppStore|ARM.ActiveCfg = Debug|Any CPU
		{3285876B-9869-4502-BED0-248BD8DCB104}.AppStore|ARM.Build.0 = Debug|Any CPU
		{3285876B-9869-4502-BED0-248BD8DCB104}.AppStore|iPhone.ActiveCfg = Debug|Any CPU
		{3285876B-9869-4502-BED0-248BD8DCB104}.AppStore|iPhone.Build.0 = Debug|Any CPU
		{3285876B-9869-4502-BED0-248BD8DCB104}.AppStore|iPhoneSimulator.ActiveCfg = Debug|Any CPU
		{3285876B-9869-4502-BED0-248BD8DCB104}.AppStore|iPhoneSimulator.Build.0 = Debug|Any CPU
		{3285876B-9869-4502-BED0-248BD8DCB104}.AppStore|x64.ActiveCfg = Debug|Any CPU
		{3285876B-9869-4502-BED0-248BD8DCB104}.AppStore|x64.Build.0 = Debug|Any CPU
		{3285876B-9869-4502-BED0-248BD8DCB104}.AppStore|x86.ActiveCfg = Debug|Any CPU
		{3285876B-9869-4502-BED0-248BD8DCB104}.AppStore|x86.Build.0 = Debug|Any CPU
		{3285876B-9869-4502-BED0-248BD8DCB104}.Debug|Any CPU.ActiveCfg = Debug|Any CPU
		{3285876B-9869-4502-BED0-248BD8DCB104}.Debug|Any CPU.Build.0 = Debug|Any CPU
		{3285876B-9869-4502-BED0-248BD8DCB104}.Debug|ARM.ActiveCfg = Debug|Any CPU
		{3285876B-9869-4502-BED0-248BD8DCB104}.Debug|ARM.Build.0 = Debug|Any CPU
		{3285876B-9869-4502-BED0-248BD8DCB104}.Debug|iPhone.ActiveCfg = Debug|Any CPU
		{3285876B-9869-4502-BED0-248BD8DCB104}.Debug|iPhone.Build.0 = Debug|Any CPU
		{3285876B-9869-4502-BED0-248BD8DCB104}.Debug|iPhoneSimulator.ActiveCfg = Debug|Any CPU
		{3285876B-9869-4502-BED0-248BD8DCB104}.Debug|iPhoneSimulator.Build.0 = Debug|Any CPU
		{3285876B-9869-4502-BED0-248BD8DCB104}.Debug|x64.ActiveCfg = Debug|Any CPU
		{3285876B-9869-4502-BED0-248BD8DCB104}.Debug|x64.Build.0 = Debug|Any CPU
		{3285876B-9869-4502-BED0-248BD8DCB104}.Debug|x86.ActiveCfg = Debug|Any CPU
		{3285876B-9869-4502-BED0-248BD8DCB104}.Debug|x86.Build.0 = Debug|Any CPU
		{3285876B-9869-4502-BED0-248BD8DCB104}.Release|Any CPU.ActiveCfg = Release|Any CPU
		{3285876B-9869-4502-BED0-248BD8DCB104}.Release|Any CPU.Build.0 = Release|Any CPU
		{3285876B-9869-4502-BED0-248BD8DCB104}.Release|ARM.ActiveCfg = Release|Any CPU
		{3285876B-9869-4502-BED0-248BD8DCB104}.Release|ARM.Build.0 = Release|Any CPU
		{3285876B-9869-4502-BED0-248BD8DCB104}.Release|iPhone.ActiveCfg = Release|Any CPU
		{3285876B-9869-4502-BED0-248BD8DCB104}.Release|iPhone.Build.0 = Release|Any CPU
		{3285876B-9869-4502-BED0-248BD8DCB104}.Release|iPhoneSimulator.ActiveCfg = Release|Any CPU
		{3285876B-9869-4502-BED0-248BD8DCB104}.Release|iPhoneSimulator.Build.0 = Release|Any CPU
		{3285876B-9869-4502-BED0-248BD8DCB104}.Release|x64.ActiveCfg = Release|Any CPU
		{3285876B-9869-4502-BED0-248BD8DCB104}.Release|x64.Build.0 = Release|Any CPU
		{3285876B-9869-4502-BED0-248BD8DCB104}.Release|x86.ActiveCfg = Release|Any CPU
		{3285876B-9869-4502-BED0-248BD8DCB104}.Release|x86.Build.0 = Release|Any CPU
	EndGlobalSection
	GlobalSection(SolutionProperties) = preSolution
		HideSolutionNode = FALSE
	EndGlobalSection
	GlobalSection(ExtensibilityGlobals) = postSolution
		SolutionGuid = {F6D05029-56B8-4E45-AF2D-0E76295DDBA2}
	EndGlobalSection
EndGlobal
